<?xml version="1.0" encoding="utf-8"?>
<Project ToolsVersion="4.0" xmlns="http://schemas.microsoft.com/developer/msbuild/2003">
  <ItemGroup>
    <Filter Include="Source Files">
      <UniqueIdentifier>{ef409380-d805-4305-8f19-2ad612b47eb7}</UniqueIdentifier>
      <Extensions>cpp;c;cxx;rc;def;r;odl;idl;hpj;bat</Extensions>
    </Filter>
    <Filter Include="Header Files">
      <UniqueIdentifier>{cf9cbd12-da69-4174-b6d7-ed07077b3855}</UniqueIdentifier>
      <Extensions>h;hpp;hxx;hm;inl</Extensions>
    </Filter>
    <Filter Include="Resource Files">
      <UniqueIdentifier>{13b07d0c-8329-4f98-aa3e-213d0b3f1d72}</UniqueIdentifier>
      <Extensions>ico;cur;bmp;dlg;rc2;rct;bin;rgs;gif;jpg;jpeg;jpe</Extensions>
    </Filter>
  </ItemGroup>
  <ItemGroup>
    <ClCompile Include="CottonModel.cpp">
      <Filter>Source Files</Filter>
    </ClCompile>
    <ClCompile Include="CottonPhenology.cpp">
      <Filter>Source Files</Filter>
    </ClCompile>
    <ClCompile Include="DailyClimate.cpp">
      <Filter>Source Files</Filter>
    </ClCompile>
    <ClCompile Include="FruitAbscission.cpp">
      <Filter>Source Files</Filter>
    </ClCompile>
    <ClCompile Include="GeneralFunctions.cpp">
      <Filter>Source Files</Filter>
    </ClCompile>
    <ClCompile Include="GettingInput_1.cpp">
      <Filter>Source Files</Filter>
    </ClCompile>
    <ClCompile Include="GettingInput_2.cpp">
      <Filter>Source Files</Filter>
    </ClCompile>
    <ClCompile Include="gettingInput_3.cpp">
      <Filter>Source Files</Filter>
    </ClCompile>
    <ClCompile Include="global.cpp">
      <Filter>Source Files</Filter>
    </ClCompile>
    <ClCompile Include="InitializeGlobal.cpp">
      <Filter>Source Files</Filter>
    </ClCompile>
    <ClCompile Include="LeafAbscission.cpp">
      <Filter>Source Files</Filter>
    </ClCompile>
    <ClCompile Include="PlantAdjustment.cpp">
      <Filter>Source Files</Filter>
    </ClCompile>
    <ClCompile Include="PlantGrowth_1.cpp">
      <Filter>Source Files</Filter>
    </ClCompile>
    <ClCompile Include="PlantGrowth_2.cpp">
      <Filter>Source Files</Filter>
    </ClCompile>
    <ClCompile Include="PlantGrowth_3.cpp">
      <Filter>Source Files</Filter>
    </ClCompile>
    <ClCompile Include="PlantNitrogen.cpp">
      <Filter>Source Files</Filter>
    </ClCompile>
    <ClCompile Include="RootGrowth_1.cpp">
      <Filter>Source Files</Filter>
    </ClCompile>
    <ClCompile Include="RootGrowth_2.cpp">
      <Filter>Source Files</Filter>
    </ClCompile>
    <ClCompile Include="SoilNitrogen.cpp">
      <Filter>Source Files</Filter>
    </ClCompile>
    <ClCompile Include="SoilProcedures_1.cpp">
      <Filter>Source Files</Filter>
    </ClCompile>
    <ClCompile Include="SoilProcedures_2.cpp">
      <Filter>Source Files</Filter>
    </ClCompile>
    <ClCompile Include="SoilProcedures_3.cpp">
      <Filter>Source Files</Filter>
    </ClCompile>
    <ClCompile Include="SoilTemperature_1.cpp">
      <Filter>Source Files</Filter>
    </ClCompile>
    <ClCompile Include="SoilTemperature_2.cpp">
      <Filter>Source Files</Filter>
    </ClCompile>
    <ClCompile Include="SoilTemperature_3.cpp">
      <Filter>Source Files</Filter>
    </ClCompile>
    <ClCompile Include="StdAfx.cpp">
      <Filter>Source Files</Filter>
    </ClCompile>
    <ClCompile Include="WriteOutput_1.cpp">
      <Filter>Source Files</Filter>
    </ClCompile>
    <ClCompile Include="WriteOutput_2.cpp">
      <Filter>Source Files</Filter>
    </ClCompile>
    <ClCompile Include="WriteOutput_3.cpp">
      <Filter>Source Files</Filter>
    </ClCompile>
  </ItemGroup>
  <ItemGroup>
    <ClInclude Include="CottonModel.h">
      <Filter>Header Files</Filter>
    </ClInclude>
    <ClInclude Include="CottonSimulation.h">
      <Filter>Header Files</Filter>
    </ClInclude>
    <ClInclude Include="GeneralFunctions.h">
      <Filter>Header Files</Filter>
    </ClInclude>
    <ClInclude Include="global.h">
      <Filter>Header Files</Filter>
    </ClInclude>
    <ClInclude Include="StdAfx.h">
      <Filter>Header Files</Filter>
    </ClInclude>
  </ItemGroup>
  <ItemGroup>
    <Image Include="res\CottonModel.ico">
      <Filter>Resource Files</Filter>
    </Image>
  </ItemGroup>
  <ItemGroup>
    <Text Include="Contents.txt" />
  </ItemGroup>
</Project>