Microsoft Visual Studio Solution File, Format Version 12.00
# Visual Studio Version 16
VisualStudioVersion = 16.0.30621.155
MinimumVisualStudioVersion = 10.0.40219.1
Project("{8BC9CEB8-8B4A-11D0-8D11-00A0C91BC942}") = "CottonModel", "CottonModel.vcxproj", "{165ABE97-22D6-4B18-B13E-C465A2DD21DD}"
EndProject
Global
	GlobalSection(SolutionConfigurationPlatforms) = preSolution
		Debug|x86 = Debug|x86
		Release|x86 = Release|x86
	EndGlobalSection
	GlobalSection(ProjectConfigurationPlatforms) = postSolution
		{165ABE97-22D6-4B18-B13E-C465A2DD21DD}.Debug|x86.ActiveCfg = Debug|Win32
		{165ABE97-22D6-4B18-B13E-C465A2DD21DD}.Debug|x86.Build.0 = Debug|Win32
		{165ABE97-22D6-4B18-B13E-C465A2DD21DD}.Release|x86.ActiveCfg = Release|Win32
		{165ABE97-22D6-4B18-B13E-C465A2DD21DD}.Release|x86.Build.0 = Release|Win32
	EndGlobalSection
	GlobalSection(SolutionProperties) = preSolution
		HideSolutionNode = FALSE
	EndGlobalSection
	GlobalSection(ExtensibilityGlobals) = postSolution
		SolutionGuid = {B37F20FD-DCF7-40A3-8C31-FA887B624BB7}
	EndGlobalSection
EndGlobal
